// !$*UTF8*$!
{
	archiveVersion = 1;
	classes = {
	};
	objectVersion = 56;
	objects = {

/* Begin PBXBuildFile section */
		3D6111FD296BB1450048E95C /* AppDelegate.swift in Sources */ = {isa = PBXBuildFile; fileRef = 3D6111FC296BB1450048E95C /* AppDelegate.swift */; };
		3D6111FF296BB1450048E95C /* SceneDelegate.swift in Sources */ = {isa = PBXBuildFile; fileRef = 3D6111FE296BB1450048E95C /* SceneDelegate.swift */; };
		3D611201296BB1450048E95C /* ViewController.swift in Sources */ = {isa = PBXBuildFile; fileRef = 3D611200296BB1450048E95C /* ViewController.swift */; };
		3D611204296BB1450048E95C /* Main.storyboard in Resources */ = {isa = PBXBuildFile; fileRef = 3D611202296BB1450048E95C /* Main.storyboard */; };
		3D611206296BB1460048E95C /* Assets.xcassets in Resources */ = {isa = PBXBuildFile; fileRef = 3D611205296BB1460048E95C /* Assets.xcassets */; };
		3D611209296BB1460048E95C /* LaunchScreen.storyboard in Resources */ = {isa = PBXBuildFile; fileRef = 3D611207296BB1460048E95C /* LaunchScreen.storyboard */; };
		3D611214296BB1460048E95C /* musicPlayerAppTests.swift in Sources */ = {isa = PBXBuildFile; fileRef = 3D611213296BB1460048E95C /* musicPlayerAppTests.swift */; };
		3D61121E296BB1460048E95C /* musicPlayerAppUITests.swift in Sources */ = {isa = PBXBuildFile; fileRef = 3D61121D296BB1460048E95C /* musicPlayerAppUITests.swift */; };
		3D611220296BB1460048E95C /* musicPlayerAppUITestsLaunchTests.swift in Sources */ = {isa = PBXBuildFile; fileRef = 3D61121F296BB1460048E95C /* musicPlayerAppUITestsLaunchTests.swift */; };
/* End PBXBuildFile section */

/* Begin PBXContainerItemProxy section */
		3D611210296BB1460048E95C /* PBXContainerItemProxy */ = {
			isa = PBXContainerItemProxy;
			containerPortal = 3D6111F1296BB1450048E95C /* Project object */;
			proxyType = 1;
			remoteGlobalIDString = 3D6111F8296BB1450048E95C;
			remoteInfo = musicPlayerApp;
		};
		3D61121A296BB1460048E95C /* PBXContainerItemProxy */ = {
			isa = PBXContainerItemProxy;
			containerPortal = 3D6111F1296BB1450048E95C /* Project object */;
			proxyType = 1;
			remoteGlobalIDString = 3D6111F8296BB1450048E95C;
			remoteInfo = musicPlayerApp;
		};
/* End PBXContainerItemProxy section */

/* Begin PBXFileReference section */
		3D6111F9296BB1450048E95C /* musicPlayerApp.app */ = {isa = PBXFileReference; explicitFileType = wrapper.application; includeInIndex = 0; path = musicPlayerApp.app; sourceTree = BUILT_PRODUCTS_DIR; };
		3D6111FC296BB1450048E95C /* AppDelegate.swift */ = {isa = PBXFileReference; lastKnownFileType = sourcecode.swift; path = AppDelegate.swift; sourceTree = "<group>"; };
		3D6111FE296BB1450048E95C /* SceneDelegate.swift */ = {isa = PBXFileReference; lastKnownFileType = sourcecode.swift; path = SceneDelegate.swift; sourceTree = "<group>"; };
		3D611200296BB1450048E95C /* ViewController.swift */ = {isa = PBXFileReference; lastKnownFileType = sourcecode.swift; path = ViewController.swift; sourceTree = "<group>"; };
		3D611203296BB1450048E95C /* Base */ = {isa = PBXFileReference; lastKnownFileType = file.storyboard; name = Base; path = Base.lproj/Main.storyboard; sourceTree = "<group>"; };
		3D611205296BB1460048E95C /* Assets.xcassets */ = {isa = PBXFileReference; lastKnownFileType = folder.assetcatalog; path = Assets.xcassets; sourceTree = "<group>"; };
		3D611208296BB1460048E95C /* Base */ = {isa = PBXFileReference; lastKnownFileType = file.storyboard; name = Base; path = Base.lproj/LaunchScreen.storyboard; sourceTree = "<group>"; };
		3D61120A296BB1460048E95C /* Info.plist */ = {isa = PBXFileReference; lastKnownFileType = text.plist.xml; path = Info.plist; sourceTree = "<group>"; };
		3D61120F296BB1460048E95C /* musicPlayerAppTests.xctest */ = {isa = PBXFileReference; explicitFileType = wrapper.cfbundle; includeInIndex = 0; path = musicPlayerAppTests.xctest; sourceTree = BUILT_PRODUCTS_DIR; };
		3D611213296BB1460048E95C /* musicPlayerAppTests.swift */ = {isa = PBXFileReference; lastKnownFileType = sourcecode.swift; path = musicPlayerAppTests.swift; sourceTree = "<group>"; };
		3D611219296BB1460048E95C /* musicPlayerAppUITests.xctest */ = {isa = PBXFileReference; explicitFileType = wrapper.cfbundle; includeInIndex = 0; path = musicPlayerAppUITests.xctest; sourceTree = BUILT_PRODUCTS_DIR; };
		3D61121D296BB1460048E95C /* musicPlayerAppUITests.swift */ = {isa = PBXFileReference; lastKnownFileType = sourcecode.swift; path = musicPlayerAppUITests.swift; sourceTree = "<group>"; };
		3D61121F296BB1460048E95C /* musicPlayerAppUITestsLaunchTests.swift */ = {isa = PBXFileReference; lastKnownFileType = sourcecode.swift; path = musicPlayerAppUITestsLaunchTests.swift; sourceTree = "<group>"; };
/* End PBXFileReference section */

/* Begin PBXFrameworksBuildPhase section */
		3D6111F6296BB1450048E95C /* Frameworks */ = {
			isa = PBXFrameworksBuildPhase;
			buildActionMask = 2147483647;
			files = (
			);
			runOnlyForDeploymentPostprocessing = 0;
		};
		3D61120C296BB1460048E95C /* Frameworks */ = {
			isa = PBXFrameworksBuildPhase;
			buildActionMask = 2147483647;
			files = (
			);
			runOnlyForDeploymentPostprocessing = 0;
		};
		3D611216296BB1460048E95C /* Frameworks */ = {
			isa = PBXFrameworksBuildPhase;
			buildActionMask = 2147483647;
			files = (
			);
			runOnlyForDeploymentPostprocessing = 0;
		};
/* End PBXFrameworksBuildPhase section */

/* Begin PBXGroup section */
		3D6111F0296BB1450048E95C = {
			isa = PBXGroup;
			children = (
				3D6111FB296BB1450048E95C /* musicPlayerApp */,
				3D611212296BB1460048E95C /* musicPlayerAppTests */,
				3D61121C296BB1460048E95C /* musicPlayerAppUITests */,
				3D6111FA296BB1450048E95C /* Products */,
			);
			sourceTree = "<group>";
		};
		3D6111FA296BB1450048E95C /* Products */ = {
			isa = PBXGroup;
			children = (
				3D6111F9296BB1450048E95C /* musicPlayerApp.app */,
				3D61120F296BB1460048E95C /* musicPlayerAppTests.xctest */,
				3D611219296BB1460048E95C /* musicPlayerAppUITests.xctest */,
			);
			name = Products;
			sourceTree = "<group>";
		};
		3D6111FB296BB1450048E95C /* musicPlayerApp */ = {
			isa = PBXGroup;
			children = (
				3D6111FC296BB1450048E95C /* AppDelegate.swift */,
				3D6111FE296BB1450048E95C /* SceneDelegate.swift */,
				3D611200296BB1450048E95C /* ViewController.swift */,
				3D611202296BB1450048E95C /* Main.storyboard */,
				3D611205296BB1460048E95C /* Assets.xcassets */,
				3D611207296BB1460048E95C /* LaunchScreen.storyboard */,
				3D61120A296BB1460048E95C /* Info.plist */,
			);
			path = musicPlayerApp;
			sourceTree = "<group>";
		};
		3D611212296BB1460048E95C /* musicPlayerAppTests */ = {
			isa = PBXGroup;
			children = (
				3D611213296BB1460048E95C /* musicPlayerAppTests.swift */,
			);
			path = musicPlayerAppTests;
			sourceTree = "<group>";
		};
		3D61121C296BB1460048E95C /* musicPlayerAppUITests */ = {
			isa = PBXGroup;
			children = (
				3D61121D296BB1460048E95C /* musicPlayerAppUITests.swift */,
				3D61121F296BB1460048E95C /* musicPlayerAppUITestsLaunchTests.swift */,
			);
			path = musicPlayerAppUITests;
			sourceTree = "<group>";
		};
/* End PBXGroup section */

/* Begin PBXNativeTarget section */
		3D6111F8296BB1450048E95C /* musicPlayerApp */ = {
			isa = PBXNativeTarget;
			buildConfigurationList = 3D611223296BB1460048E95C /* Build configuration list for PBXNativeTarget "musicPlayerApp" */;
			buildPhases = (
				3D6111F5296BB1450048E95C /* Sources */,
				3D6111F6296BB1450048E95C /* Frameworks */,
				3D6111F7296BB1450048E95C /* Resources */,
			);
			buildRules = (
			);
			dependencies = (
			);
			name = musicPlayerApp;
			productName = musicPlayerApp;
			productReference = 3D6111F9296BB1450048E95C /* musicPlayerApp.app */;
			productType = "com.apple.product-type.application";
		};
		3D61120E296BB1460048E95C /* musicPlayerAppTests */ = {
			isa = PBXNativeTarget;
			buildConfigurationList = 3D611226296BB1460048E95C /* Build configuration list for PBXNativeTarget "musicPlayerAppTests" */;
			buildPhases = (
				3D61120B296BB1460048E95C /* Sources */,
				3D61120C296BB1460048E95C /* Frameworks */,
				3D61120D296BB1460048E95C /* Resources */,
			);
			buildRules = (
			);
			dependencies = (
				3D611211296BB1460048E95C /* PBXTargetDependency */,
			);
			name = musicPlayerAppTests;
			productName = musicPlayerAppTests;
			productReference = 3D61120F296BB1460048E95C /* musicPlayerAppTests.xctest */;
			productType = "com.apple.product-type.bundle.unit-test";
		};
		3D611218296BB1460048E95C /* musicPlayerAppUITests */ = {
			isa = PBXNativeTarget;
			buildConfigurationList = 3D611229296BB1460048E95C /* Build configuration list for PBXNativeTarget "musicPlayerAppUITests" */;
			buildPhases = (
				3D611215296BB1460048E95C /* Sources */,
				3D611216296BB1460048E95C /* Frameworks */,
				3D611217296BB1460048E95C /* Resources */,
			);
			buildRules = (
			);
			dependencies = (
				3D61121B296BB1460048E95C /* PBXTargetDependency */,
			);
			name = musicPlayerAppUITests;
			productName = musicPlayerAppUITests;
			productReference = 3D611219296BB1460048E95C /* musicPlayerAppUITests.xctest */;
			productType = "com.apple.product-type.bundle.ui-testing";
		};
/* End PBXNativeTarget section */

/* Begin PBXProject section */
		3D6111F1296BB1450048E95C /* Project object */ = {
			isa = PBXProject;
			attributes = {
				BuildIndependentTargetsInParallel = 1;
				LastSwiftUpdateCheck = 1400;
				LastUpgradeCheck = 1400;
				TargetAttributes = {
					3D6111F8296BB1450048E95C = {
						CreatedOnToolsVersion = 14.0.1;
					};
					3D61120E296BB1460048E95C = {
						CreatedOnToolsVersion = 14.0.1;
						TestTargetID = 3D6111F8296BB1450048E95C;
					};
					3D611218296BB1460048E95C = {
						CreatedOnToolsVersion = 14.0.1;
						TestTargetID = 3D6111F8296BB1450048E95C;
					};
				};
			};
			buildConfigurationList = 3D6111F4296BB1450048E95C /* Build configuration list for PBXProject "musicPlayerApp" */;
			compatibilityVersion = "Xcode 14.0";
			developmentRegion = en;
			hasScannedForEncodings = 0;
			knownRegions = (
				en,
				Base,
			);
			mainGroup = 3D6111F0296BB1450048E95C;
			productRefGroup = 3D6111FA296BB1450048E95C /* Products */;
			projectDirPath = "";
			projectRoot = "";
			targets = (
				3D6111F8296BB1450048E95C /* musicPlayerApp */,
				3D61120E296BB1460048E95C /* musicPlayerAppTests */,
				3D611218296BB1460048E95C /* musicPlayerAppUITests */,
			);
		};
/* End PBXProject section */

/* Begin PBXResourcesBuildPhase section */
		3D6111F7296BB1450048E95C /* Resources */ = {
			isa = PBXResourcesBuildPhase;
			buildActionMask = 2147483647;
			files = (
				3D611209296BB1460048E95C /* LaunchScreen.storyboard in Resources */,
				3D611206296BB1460048E95C /* Assets.xcassets in Resources */,
				3D611204296BB1450048E95C /* Main.storyboard in Resources */,
			);
			runOnlyForDeploymentPostprocessing = 0;
		};
		3D61120D296BB1460048E95C /* Resources */ = {
			isa = PBXResourcesBuildPhase;
			buildActionMask = 2147483647;
			files = (
			);
			runOnlyForDeploymentPostprocessing = 0;
		};
		3D611217296BB1460048E95C /* Resources */ = {
			isa = PBXResourcesBuildPhase;
			buildActionMask = 2147483647;
			files = (
			);
			runOnlyForDeploymentPostprocessing = 0;
		};
/* End PBXResourcesBuildPhase section */

/* Begin PBXSourcesBuildPhase section */
		3D6111F5296BB1450048E95C /* Sources */ = {
			isa = PBXSourcesBuildPhase;
			buildActionMask = 2147483647;
			files = (
				3D611201296BB1450048E95C /* ViewController.swift in Sources */,
				3D6111FD296BB1450048E95C /* AppDelegate.swift in Sources */,
				3D6111FF296BB1450048E95C /* SceneDelegate.swift in Sources */,
			);
			runOnlyForDeploymentPostprocessing = 0;
		};
		3D61120B296BB1460048E95C /* Sources */ = {
			isa = PBXSourcesBuildPhase;
			buildActionMask = 2147483647;
			files = (
				3D611214296BB1460048E95C /* musicPlayerAppTests.swift in Sources */,
			);
			runOnlyForDeploymentPostprocessing = 0;
		};
		3D611215296BB1460048E95C /* Sources */ = {
			isa = PBXSourcesBuildPhase;
			buildActionMask = 2147483647;
			files = (
				3D61121E296BB1460048E95C /* musicPlayerAppUITests.swift in Sources */,
				3D611220296BB1460048E95C /* musicPlayerAppUITestsLaunchTests.swift in Sources */,
			);
			runOnlyForDeploymentPostprocessing = 0;
		};
/* End PBXSourcesBuildPhase section */

/* Begin PBXTargetDependency section */
		3D611211296BB1460048E95C /* PBXTargetDependency */ = {
			isa = PBXTargetDependency;
			target = 3D6111F8296BB1450048E95C /* musicPlayerApp */;
			targetProxy = 3D611210296BB1460048E95C /* PBXContainerItemProxy */;
		};
		3D61121B296BB1460048E95C /* PBXTargetDependency */ = {
			isa = PBXTargetDependency;
			target = 3D6111F8296BB1450048E95C /* musicPlayerApp */;
			targetProxy = 3D61121A296BB1460048E95C /* PBXContainerItemProxy */;
		};
/* End PBXTargetDependency section */

/* Begin PBXVariantGroup section */
		3D611202296BB1450048E95C /* Main.storyboard */ = {
			isa = PBXVariantGroup;
			children = (
				3D611203296BB1450048E95C /* Base */,
			);
			name = Main.storyboard;
			sourceTree = "<group>";
		};
		3D611207296BB1460048E95C /* LaunchScreen.storyboard */ = {
			isa = PBXVariantGroup;
			children = (
				3D611208296BB1460048E95C /* Base */,
			);
			name = LaunchScreen.storyboard;
			sourceTree = "<group>";
		};
/* End PBXVariantGroup section */

/* Begin XCBuildConfiguration section */
		3D611221296BB1460048E95C /* Debug */ = {
			isa = XCBuildConfiguration;
			buildSettings = {
				ALWAYS_SEARCH_USER_PATHS = NO;
				CLANG_ANALYZER_NONNULL = YES;
				CLANG_ANALYZER_NUMBER_OBJECT_CONVERSION = YES_AGGRESSIVE;
				CLANG_CXX_LANGUAGE_STANDARD = "gnu++20";
				CLANG_ENABLE_MODULES = YES;
				CLANG_ENABLE_OBJC_ARC = YES;
				CLANG_ENABLE_OBJC_WEAK = YES;
				CLANG_WARN_BLOCK_CAPTURE_AUTORELEASING = YES;
				CLANG_WARN_BOOL_CONVERSION = YES;
				CLANG_WARN_COMMA = YES;
				CLANG_WARN_CONSTANT_CONVERSION = YES;
				CLANG_WARN_DEPRECATED_OBJC_IMPLEMENTATIONS = YES;
				CLANG_WARN_DIRECT_OBJC_ISA_USAGE = YES_ERROR;
				CLANG_WARN_DOCUMENTATION_COMMENTS = YES;
				CLANG_WARN_EMPTY_BODY = YES;
				CLANG_WARN_ENUM_CONVERSION = YES;
				CLANG_WARN_INFINITE_RECURSION = YES;
				CLANG_WARN_INT_CONVERSION = YES;
				CLANG_WARN_NON_LITERAL_NULL_CONVERSION = YES;
				CLANG_WARN_OBJC_IMPLICIT_RETAIN_SELF = YES;
				CLANG_WARN_OBJC_LITERAL_CONVERSION = YES;
				CLANG_WARN_OBJC_ROOT_CLASS = YES_ERROR;
				CLANG_WARN_QUOTED_INCLUDE_IN_FRAMEWORK_HEADER = YES;
				CLANG_WARN_RANGE_LOOP_ANALYSIS = YES;
				CLANG_WARN_STRICT_PROTOTYPES = YES;
				CLANG_WARN_SUSPICIOUS_MOVE = YES;
				CLANG_WARN_UNGUARDED_AVAILABILITY = YES_AGGRESSIVE;
				CLANG_WARN_UNREACHABLE_CODE = YES;
				CLANG_WARN__DUPLICATE_METHOD_MATCH = YES;
				COPY_PHASE_STRIP = NO;
				DEBUG_INFORMATION_FORMAT = dwarf;
				ENABLE_STRICT_OBJC_MSGSEND = YES;
				ENABLE_TESTABILITY = YES;
				GCC_C_LANGUAGE_STANDARD = gnu11;
				GCC_DYNAMIC_NO_PIC = NO;
				GCC_NO_COMMON_BLOCKS = YES;
				GCC_OPTIMIZATION_LEVEL = 0;
				GCC_PREPROCESSOR_DEFINITIONS = (
					"DEBUG=1",
					"$(inherited)",
				);
				GCC_WARN_64_TO_32_BIT_CONVERSION = YES;
				GCC_WARN_ABOUT_RETURN_TYPE = YES_ERROR;
				GCC_WARN_UNDECLARED_SELECTOR = YES;
				GCC_WARN_UNINITIALIZED_AUTOS = YES_AGGRESSIVE;
				GCC_WARN_UNUSED_FUNCTION = YES;
				GCC_WARN_UNUSED_VARIABLE = YES;
				IPHONEOS_DEPLOYMENT_TARGET = 16.0;
				MTL_ENABLE_DEBUG_INFO = INCLUDE_SOURCE;
				MTL_FAST_MATH = YES;
				ONLY_ACTIVE_ARCH = YES;
				SDKROOT = iphoneos;
				SWIFT_ACTIVE_COMPILATION_CONDITIONS = DEBUG;
				SWIFT_OPTIMIZATION_LEVEL = "-Onone";
			};
			name = Debug;
		};
		3D611222296BB1460048E95C /* Release */ = {
			isa = XCBuildConfiguration;
			buildSettings = {
				ALWAYS_SEARCH_USER_PATHS = NO;
				CLANG_ANALYZER_NONNULL = YES;
				CLANG_ANALYZER_NUMBER_OBJECT_CONVERSION = YES_AGGRESSIVE;
				CLANG_CXX_LANGUAGE_STANDARD = "gnu++20";
				CLANG_ENABLE_MODULES = YES;
				CLANG_ENABLE_OBJC_ARC = YES;
				CLANG_ENABLE_OBJC_WEAK = YES;
				CLANG_WARN_BLOCK_CAPTURE_AUTORELEASING = YES;
				CLANG_WARN_BOOL_CONVERSION = YES;
				CLANG_WARN_COMMA = YES;
				CLANG_WARN_CONSTANT_CONVERSION = YES;
				CLANG_WARN_DEPRECATED_OBJC_IMPLEMENTATIONS = YES;
				CLANG_WARN_DIRECT_OBJC_ISA_USAGE = YES_ERROR;
				CLANG_WARN_DOCUMENTATION_COMMENTS = YES;
				CLANG_WARN_EMPTY_BODY = YES;
				CLANG_WARN_ENUM_CONVERSION = YES;
				CLANG_WARN_INFINITE_RECURSION = YES;
				CLANG_WARN_INT_CONVERSION = YES;
				CLANG_WARN_NON_LITERAL_NULL_CONVERSION = YES;
				CLANG_WARN_OBJC_IMPLICIT_RETAIN_SELF = YES;
				CLANG_WARN_OBJC_LITERAL_CONVERSION = YES;
				CLANG_WARN_OBJC_ROOT_CLASS = YES_ERROR;
				CLANG_WARN_QUOTED_INCLUDE_IN_FRAMEWORK_HEADER = YES;
				CLANG_WARN_RANGE_LOOP_ANALYSIS = YES;
				CLANG_WARN_STRICT_PROTOTYPES = YES;
				CLANG_WARN_SUSPICIOUS_MOVE = YES;
				CLANG_WARN_UNGUARDED_AVAILABILITY = YES_AGGRESSIVE;
				CLANG_WARN_UNREACHABLE_CODE = YES;
				CLANG_WARN__DUPLICATE_METHOD_MATCH = YES;
				COPY_PHASE_STRIP = NO;
				DEBUG_INFORMATION_FORMAT = "dwarf-with-dsym";
				ENABLE_NS_ASSERTIONS = NO;
				ENABLE_STRICT_OBJC_MSGSEND = YES;
				GCC_C_LANGUAGE_STANDARD = gnu11;
				GCC_NO_COMMON_BLOCKS = YES;
				GCC_WARN_64_TO_32_BIT_CONVERSION = YES;
				GCC_WARN_ABOUT_RETURN_TYPE = YES_ERROR;
				GCC_WARN_UNDECLARED_SELECTOR = YES;
				GCC_WARN_UNINITIALIZED_AUTOS = YES_AGGRESSIVE;
				GCC_WARN_UNUSED_FUNCTION = YES;
				GCC_WARN_UNUSED_VARIABLE = YES;
				IPHONEOS_DEPLOYMENT_TARGET = 16.0;
				MTL_ENABLE_DEBUG_INFO = NO;
				MTL_FAST_MATH = YES;
				SDKROOT = iphoneos;
				SWIFT_COMPILATION_MODE = wholemodule;
				SWIFT_OPTIMIZATION_LEVEL = "-O";
				VALIDATE_PRODUCT = YES;
			};
			name = Release;
		};
		3D611224296BB1460048E95C /* Debug */ = {
			isa = XCBuildConfiguration;
			buildSettings = {
				ASSETCATALOG_COMPILER_APPICON_NAME = AppIcon;
				ASSETCATALOG_COMPILER_GLOBAL_ACCENT_COLOR_NAME = AccentColor;
				CODE_SIGN_STYLE = Automatic;
				CURRENT_PROJECT_VERSION = 1;
				GENERATE_INFOPLIST_FILE = YES;
				INFOPLIST_FILE = musicPlayerApp/Info.plist;
				INFOPLIST_KEY_UIApplicationSupportsIndirectInputEvents = YES;
				INFOPLIST_KEY_UILaunchStoryboardName = LaunchScreen;
				INFOPLIST_KEY_UIMainStoryboardFile = Main;
				INFOPLIST_KEY_UISupportedInterfaceOrientations_iPad = "UIInterfaceOrientationPortrait UIInterfaceOrientationPortraitUpsideDown UIInterfaceOrientationLandscapeLeft UIInterfaceOrientationLandscapeRight";
				INFOPLIST_KEY_UISupportedInterfaceOrientations_iPhone = "UIInterfaceOrientationPortrait UIInterfaceOrientationLandscapeLeft UIInterfaceOrientationLandscapeRight";
				LD_RUNPATH_SEARCH_PATHS = (
					"$(inherited)",
					"@executable_path/Frameworks",
				);
				MARKETING_VERSION = 1.0;
				PRODUCT_BUNDLE_IDENTIFIER = com.williamjiamin.musicPlayerApp;
				PRODUCT_NAME = "$(TARGET_NAME)";
				SWIFT_EMIT_LOC_STRINGS = YES;
				SWIFT_VERSION = 5.0;
				TARGETED_DEVICE_FAMILY = "1,2";
			};
			name = Debug;
		};
		3D611225296BB1460048E95C /* Release */ = {
			isa = XCBuildConfiguration;
			buildSettings = {
				ASSETCATALOG_COMPILER_APPICON_NAME = AppIcon;
				ASSETCATALOG_COMPILER_GLOBAL_ACCENT_COLOR_NAME = AccentColor;
				CODE_SIGN_STYLE = Automatic;
				CURRENT_PROJECT_VERSION = 1;
				GENERATE_INFOPLIST_FILE = YES;
				INFOPLIST_FILE = musicPlayerApp/Info.plist;
				INFOPLIST_KEY_UIApplicationSupportsIndirectInputEvents = YES;
				INFOPLIST_KEY_UILaunchStoryboardName = LaunchScreen;
				INFOPLIST_KEY_UIMainStoryboardFile = Main;
				INFOPLIST_KEY_UISupportedInterfaceOrientations_iPad = "UIInterfaceOrientationPortrait UIInterfaceOrientationPortraitUpsideDown UIInterfaceOrientationLandscapeLeft UIInterfaceOrientationLandscapeRight";
				INFOPLIST_KEY_UISupportedInterfaceOrientations_iPhone = "UIInterfaceOrientationPortrait UIInterfaceOrientationLandscapeLeft UIInterfaceOrientationLandscapeRight";
				LD_RUNPATH_SEARCH_PATHS = (
					"$(inherited)",
					"@executable_path/Frameworks",
				);
				MARKETING_VERSION = 1.0;
				PRODUCT_BUNDLE_IDENTIFIER = com.williamjiamin.musicPlayerApp;
				PRODUCT_NAME = "$(TARGET_NAME)";
				SWIFT_EMIT_LOC_STRINGS = YES;
				SWIFT_VERSION = 5.0;
				TARGETED_DEVICE_FAMILY = "1,2";
			};
			name = Release;
		};
		3D611227296BB1460048E95C /* Debug */ = {
			isa = XCBuildConfiguration;
			buildSettings = {
				ALWAYS_EMBED_SWIFT_STANDARD_LIBRARIES = YES;
				BUNDLE_LOADER = "$(TEST_HOST)";
				CODE_SIGN_STYLE = Automatic;
				CURRENT_PROJECT_VERSION = 1;
				GENERATE_INFOPLIST_FILE = YES;
				IPHONEOS_DEPLOYMENT_TARGET = 16.0;
				MARKETING_VERSION = 1.0;
				PRODUCT_BUNDLE_IDENTIFIER = com.williamjiamin.musicPlayerAppTests;
				PRODUCT_NAME = "$(TARGET_NAME)";
				SWIFT_EMIT_LOC_STRINGS = NO;
				SWIFT_VERSION = 5.0;
				TARGETED_DEVICE_FAMILY = "1,2";
				TEST_HOST = "$(BUILT_PRODUCTS_DIR)/musicPlayerApp.app/$(BUNDLE_EXECUTABLE_FOLDER_PATH)/musicPlayerApp";
			};
			name = Debug;
		};
		3D611228296BB1460048E95C /* Release */ = {
			isa = XCBuildConfiguration;
			buildSettings = {
				ALWAYS_EMBED_SWIFT_STANDARD_LIBRARIES = YES;
				BUNDLE_LOADER = "$(TEST_HOST)";
				CODE_SIGN_STYLE = Automatic;
				CURRENT_PROJECT_VERSION = 1;
				GENERATE_INFOPLIST_FILE = YES;
				IPHONEOS_DEPLOYMENT_TARGET = 16.0;
				MARKETING_VERSION = 1.0;
				PRODUCT_BUNDLE_IDENTIFIER = com.williamjiamin.musicPlayerAppTests;
				PRODUCT_NAME = "$(TARGET_NAME)";
				SWIFT_EMIT_LOC_STRINGS = NO;
				SWIFT_VERSION = 5.0;
				TARGETED_DEVICE_FAMILY = "1,2";
				TEST_HOST = "$(BUILT_PRODUCTS_DIR)/musicPlayerApp.app/$(BUNDLE_EXECUTABLE_FOLDER_PATH)/musicPlayerApp";
			};
			name = Release;
		};
		3D61122A296BB1460048E95C /* Debug */ = {
			isa = XCBuildConfiguration;
			buildSettings = {
				ALWAYS_EMBED_SWIFT_STANDARD_LIBRARIES = YES;
				CODE_SIGN_STYLE = Automatic;
				CURRENT_PROJECT_VERSION = 1;
				GENERATE_INFOPLIST_FILE = YES;
				MARKETING_VERSION = 1.0;
				PRODUCT_BUNDLE_IDENTIFIER = com.williamjiamin.musicPlayerAppUITests;
				PRODUCT_NAME = "$(TARGET_NAME)";
				SWIFT_EMIT_LOC_STRINGS = NO;
				SWIFT_VERSION = 5.0;
				TARGETED_DEVICE_FAMILY = "1,2";
				TEST_TARGET_NAME = musicPlayerApp;
			};
			name = Debug;
		};
		3D61122B296BB1460048E95C /* Release */ = {
			isa = XCBuildConfiguration;
			buildSettings = {
				ALWAYS_EMBED_SWIFT_STANDARD_LIBRARIES = YES;
				CODE_SIGN_STYLE = Automatic;
				CURRENT_PROJECT_VERSION = 1;
				GENERATE_INFOPLIST_FILE = YES;
				MARKETING_VERSION = 1.0;
				PRODUCT_BUNDLE_IDENTIFIER = com.williamjiamin.musicPlayerAppUITests;
				PRODUCT_NAME = "$(TARGET_NAME)";
				SWIFT_EMIT_LOC_STRINGS = NO;
				SWIFT_VERSION = 5.0;
				TARGETED_DEVICE_FAMILY = "1,2";
				TEST_TARGET_NAME = musicPlayerApp;
			};
			name = Release;
		};
/* End XCBuildConfiguration section */

/* Begin XCConfigurationList section */
		3D6111F4296BB1450048E95C /* Build configuration list for PBXProject "musicPlayerApp" */ = {
			isa = XCConfigurationList;
			buildConfigurations = (
				3D611221296BB1460048E95C /* Debug */,
				3D611222296BB1460048E95C /* Release */,
			);
			defaultConfigurationIsVisible = 0;
			defaultConfigurationName = Release;
		};
		3D611223296BB1460048E95C /* Build configuration list for PBXNativeTarget "musicPlayerApp" */ = {
			isa = XCConfigurationList;
			buildConfigurations = (
				3D611224296BB1460048E95C /* Debug */,
				3D611225296BB1460048E95C /* Release */,
			);
			defaultConfigurationIsVisible = 0;
			defaultConfigurationName = Release;
		};
		3D611226296BB1460048E95C /* Build configuration list for PBXNativeTarget "musicPlayerAppTests" */ = {
			isa = XCConfigurationList;
			buildConfigurations = (
				3D611227296BB1460048E95C /* Debug */,
				3D611228296BB1460048E95C /* Release */,
			);
			defaultConfigurationIsVisible = 0;
			defaultConfigurationName = Release;
		};
		3D611229296BB1460048E95C /* Build configuration list for PBXNativeTarget "musicPlayerAppUITests" */ = {
			isa = XCConfigurationList;
			buildConfigurations = (
				3D61122A296BB1460048E95C /* Debug */,
				3D61122B296BB1460048E95C /* Release */,
			);
			defaultConfigurationIsVisible = 0;
			defaultConfigurationName = Release;
		};
/* End XCConfigurationList section */
	};
	rootObject = 3D6111F1296BB1450048E95C /* Project object */;
}
